
Microsoft Visual Studio Solution File, Format Version 12.00
# Visual Studio Version 16
VisualStudioVersion = 16.0.32510.428
MinimumVisualStudioVersion = 10.0.40219.1
Project("{9A19103F-16F7-4668-BE54-9A1E7A4F7556}") = "Box.Security", "Box.Security\Box.Security.csproj", "{FCF0F1C1-00DA-46C7-9C85-2E852E0F5C70}"
EndProject
Project("{9A19103F-16F7-4668-BE54-9A1E7A4F7556}") = "Box.Adm", "Box.Adm\Box.Adm.csproj", "{3B66C636-C751-4DF7-BD56-125A5BCFD978}"
EndProject
Project("{9A19103F-16F7-4668-BE54-9A1E7A4F7556}") = "Box.Common", "Box.Common\Box.Common.csproj", "{ED1B9F0D-42DB-4BA2-A562-06C4F7A50B95}"
EndProject
Project("{9A19103F-16F7-4668-BE54-9A1E7A4F7556}") = "Box.CMS", "Box.CMS\Box.CMS.csproj", "{398C0639-1D49-4160-800D-57A940F63A57}"
EndProject
Project("{9A19103F-16F7-4668-BE54-9A1E7A4F7556}") = "SmartGeoIot", "SmartGeoIot\SmartGeoIot.csproj", "{2B97AF2C-1FB5-462D-B42C-7F6B029505D5}"
EndProject
Global
	GlobalSection(SolutionConfigurationPlatforms) = preSolution
		Debug|Any CPU = Debug|Any CPU
		Release|Any CPU = Release|Any CPU
	EndGlobalSection
	GlobalSection(ProjectConfigurationPlatforms) = postSolution
		{FCF0F1C1-00DA-46C7-9C85-2E852E0F5C70}.Debug|Any CPU.ActiveCfg = Debug|Any CPU
		{FCF0F1C1-00DA-46C7-9C85-2E852E0F5C70}.Debug|Any CPU.Build.0 = Debug|Any CPU
		{FCF0F1C1-00DA-46C7-9C85-2E852E0F5C70}.Release|Any CPU.ActiveCfg = Release|Any CPU
		{FCF0F1C1-00DA-46C7-9C85-2E852E0F5C70}.Release|Any CPU.Build.0 = Release|Any CPU
		{3B66C636-C751-4DF7-BD56-125A5BCFD978}.Debug|Any CPU.ActiveCfg = Debug|Any CPU
		{3B66C636-C751-4DF7-BD56-125A5BCFD978}.Debug|Any CPU.Build.0 = Debug|Any CPU
		{3B66C636-C751-4DF7-BD56-125A5BCFD978}.Release|Any CPU.ActiveCfg = Release|Any CPU
		{3B66C636-C751-4DF7-BD56-125A5BCFD978}.Release|Any CPU.Build.0 = Release|Any CPU
		{ED1B9F0D-42DB-4BA2-A562-06C4F7A50B95}.Debug|Any CPU.ActiveCfg = Debug|Any CPU
		{ED1B9F0D-42DB-4BA2-A562-06C4F7A50B95}.Debug|Any CPU.Build.0 = Debug|Any CPU
		{ED1B9F0D-42DB-4BA2-A562-06C4F7A50B95}.Release|Any CPU.ActiveCfg = Release|Any CPU
		{ED1B9F0D-42DB-4BA2-A562-06C4F7A50B95}.Release|Any CPU.Build.0 = Release|Any CPU
		{398C0639-1D49-4160-800D-57A940F63A57}.Debug|Any CPU.ActiveCfg = Debug|Any CPU
		{398C0639-1D49-4160-800D-57A940F63A57}.Debug|Any CPU.Build.0 = Debug|Any CPU
		{398C0639-1D49-4160-800D-57A940F63A57}.Release|Any CPU.ActiveCfg = Release|Any CPU
		{398C0639-1D49-4160-800D-57A940F63A57}.Release|Any CPU.Build.0 = Release|Any CPU
		{2B97AF2C-1FB5-462D-B42C-7F6B029505D5}.Debug|Any CPU.ActiveCfg = Debug|Any CPU
		{2B97AF2C-1FB5-462D-B42C-7F6B029505D5}.Debug|Any CPU.Build.0 = Debug|Any CPU
		{2B97AF2C-1FB5-462D-B42C-7F6B029505D5}.Release|Any CPU.ActiveCfg = Release|Any CPU
		{2B97AF2C-1FB5-462D-B42C-7F6B029505D5}.Release|Any CPU.Build.0 = Release|Any CPU
	EndGlobalSection
	GlobalSection(SolutionProperties) = preSolution
		HideSolutionNode = FALSE
	EndGlobalSection
	GlobalSection(ExtensibilityGlobals) = postSolution
		SolutionGuid = {83CEE1AF-70EE-4C67-8E17-79EF24FB40CE}
	EndGlobalSection
EndGlobal
